
Microsoft Visual Studio Solution File, Format Version 12.00
# Visual Studio Version 17
VisualStudioVersion = 17.3.32811.315
MinimumVisualStudioVersion = 10.0.40219.1
Project("{9A19103F-16F7-4668-BE54-9A1E7A4F7556}") = "CQRS.Core", "..\CQRS-ES\CQRS.Core\CQRS.Core.csproj", "{2E25739F-43BE-4558-9E63-A856FFBF590E}"
EndProject
Project("{2150E333-8FDC-42A3-9474-1A3956D46DE8}") = "Post.Cmd", "Post.Cmd", "{1111512D-2D77-4D28-ADB8-0CD05CC88C11}"
EndProject
Project("{9A19103F-16F7-4668-BE54-9A1E7A4F7556}") = "Post.Cmd.Api", "Post.Cmd\Post.Cmd.Api\Post.Cmd.Api.csproj", "{A5AC0651-6075-4EFF-A114-906232CBBC3C}"
EndProject
Project("{9A19103F-16F7-4668-BE54-9A1E7A4F7556}") = "Post.Cmd.Domain", "Post.Cmd\Post.Cmd.Domain\Post.Cmd.Domain.csproj", "{613A2CFB-50D4-4C7F-BC40-5A3361BC0AF5}"
EndProject
Project("{9A19103F-16F7-4668-BE54-9A1E7A4F7556}") = "Post.Cmd.Infrastructure", "Post.Cmd\Post.Cmd.Infrastructure\Post.Cmd.Infrastructure.csproj", "{A716A9A9-F395-48F0-A9C6-5FF18725958C}"
EndProject
Project("{2150E333-8FDC-42A3-9474-1A3956D46DE8}") = "Post.Query", "Post.Query", "{ADD4CED1-6415-4783-A495-DB3C6F5364DF}"
EndProject
Project("{9A19103F-16F7-4668-BE54-9A1E7A4F7556}") = "Post.Query.Api", "Post.Query\Post.Query.Api\Post.Query.Api.csproj", "{478D6145-DB1E-471F-BEDD-236C9DCC2C4D}"
EndProject
Project("{9A19103F-16F7-4668-BE54-9A1E7A4F7556}") = "Post.Query.Domain", "Post.Query\Post.Query.Domain\Post.Query.Domain.csproj", "{FCC09C78-7F60-4732-A1CA-DA5B0B9522BC}"
EndProject
Project("{9A19103F-16F7-4668-BE54-9A1E7A4F7556}") = "Post.Query.Infrastructure", "Post.Query\Post.Query.Infrastructure\Post.Query.Infrastructure.csproj", "{A791A73F-B9F7-4E0D-BC90-0BEAEADEBDA3}"
EndProject
Project("{9A19103F-16F7-4668-BE54-9A1E7A4F7556}") = "Post.Common", "Post.Common\Post.Common.csproj", "{20601CC3-7472-4581-B054-44532CC8E204}"
EndProject
Project("{FAE04EC0-301F-11D3-BF4B-00C04F79EFBC}") = "Extensions", "Extensions\Extensions.csproj", "{162C6B76-233C-4BC1-9429-706A7D8922A2}"
EndProject
Global
	GlobalSection(SolutionConfigurationPlatforms) = preSolution
		Debug|Any CPU = Debug|Any CPU
		Release|Any CPU = Release|Any CPU
	EndGlobalSection
	GlobalSection(ProjectConfigurationPlatforms) = postSolution
		{2E25739F-43BE-4558-9E63-A856FFBF590E}.Debug|Any CPU.ActiveCfg = Debug|Any CPU
		{2E25739F-43BE-4558-9E63-A856FFBF590E}.Debug|Any CPU.Build.0 = Debug|Any CPU
		{2E25739F-43BE-4558-9E63-A856FFBF590E}.Release|Any CPU.ActiveCfg = Release|Any CPU
		{2E25739F-43BE-4558-9E63-A856FFBF590E}.Release|Any CPU.Build.0 = Release|Any CPU
		{A5AC0651-6075-4EFF-A114-906232CBBC3C}.Debug|Any CPU.ActiveCfg = Debug|Any CPU
		{A5AC0651-6075-4EFF-A114-906232CBBC3C}.Debug|Any CPU.Build.0 = Debug|Any CPU
		{A5AC0651-6075-4EFF-A114-906232CBBC3C}.Release|Any CPU.ActiveCfg = Release|Any CPU
		{A5AC0651-6075-4EFF-A114-906232CBBC3C}.Release|Any CPU.Build.0 = Release|Any CPU
		{613A2CFB-50D4-4C7F-BC40-5A3361BC0AF5}.Debug|Any CPU.ActiveCfg = Debug|Any CPU
		{613A2CFB-50D4-4C7F-BC40-5A3361BC0AF5}.Debug|Any CPU.Build.0 = Debug|Any CPU
		{613A2CFB-50D4-4C7F-BC40-5A3361BC0AF5}.Release|Any CPU.ActiveCfg = Release|Any CPU
		{613A2CFB-50D4-4C7F-BC40-5A3361BC0AF5}.Release|Any CPU.Build.0 = Release|Any CPU
		{A716A9A9-F395-48F0-A9C6-5FF18725958C}.Debug|Any CPU.ActiveCfg = Debug|Any CPU
		{A716A9A9-F395-48F0-A9C6-5FF18725958C}.Debug|Any CPU.Build.0 = Debug|Any CPU
		{A716A9A9-F395-48F0-A9C6-5FF18725958C}.Release|Any CPU.ActiveCfg = Release|Any CPU
		{A716A9A9-F395-48F0-A9C6-5FF18725958C}.Release|Any CPU.Build.0 = Release|Any CPU
		{478D6145-DB1E-471F-BEDD-236C9DCC2C4D}.Debug|Any CPU.ActiveCfg = Debug|Any CPU
		{478D6145-DB1E-471F-BEDD-236C9DCC2C4D}.Debug|Any CPU.Build.0 = Debug|Any CPU
		{478D6145-DB1E-471F-BEDD-236C9DCC2C4D}.Release|Any CPU.ActiveCfg = Release|Any CPU
		{478D6145-DB1E-471F-BEDD-236C9DCC2C4D}.Release|Any CPU.Build.0 = Release|Any CPU
		{FCC09C78-7F60-4732-A1CA-DA5B0B9522BC}.Debug|Any CPU.ActiveCfg = Debug|Any CPU
		{FCC09C78-7F60-4732-A1CA-DA5B0B9522BC}.Debug|Any CPU.Build.0 = Debug|Any CPU
		{FCC09C78-7F60-4732-A1CA-DA5B0B9522BC}.Release|Any CPU.ActiveCfg = Release|Any CPU
		{FCC09C78-7F60-4732-A1CA-DA5B0B9522BC}.Release|Any CPU.Build.0 = Release|Any CPU
		{A791A73F-B9F7-4E0D-BC90-0BEAEADEBDA3}.Debug|Any CPU.ActiveCfg = Debug|Any CPU
		{A791A73F-B9F7-4E0D-BC90-0BEAEADEBDA3}.Debug|Any CPU.Build.0 = Debug|Any CPU
		{A791A73F-B9F7-4E0D-BC90-0BEAEADEBDA3}.Release|Any CPU.ActiveCfg = Release|Any CPU
		{A791A73F-B9F7-4E0D-BC90-0BEAEADEBDA3}.Release|Any CPU.Build.0 = Release|Any CPU
		{20601CC3-7472-4581-B054-44532CC8E204}.Debug|Any CPU.ActiveCfg = Debug|Any CPU
		{20601CC3-7472-4581-B054-44532CC8E204}.Debug|Any CPU.Build.0 = Debug|Any CPU
		{20601CC3-7472-4581-B054-44532CC8E204}.Release|Any CPU.ActiveCfg = Release|Any CPU
		{20601CC3-7472-4581-B054-44532CC8E204}.Release|Any CPU.Build.0 = Release|Any CPU
		{162C6B76-233C-4BC1-9429-706A7D8922A2}.Debug|Any CPU.ActiveCfg = Debug|Any CPU
		{162C6B76-233C-4BC1-9429-706A7D8922A2}.Debug|Any CPU.Build.0 = Debug|Any CPU
		{162C6B76-233C-4BC1-9429-706A7D8922A2}.Release|Any CPU.ActiveCfg = Release|Any CPU
		{162C6B76-233C-4BC1-9429-706A7D8922A2}.Release|Any CPU.Build.0 = Release|Any CPU
	EndGlobalSection
	GlobalSection(SolutionProperties) = preSolution
		HideSolutionNode = FALSE
	EndGlobalSection
	GlobalSection(NestedProjects) = preSolution
		{A5AC0651-6075-4EFF-A114-906232CBBC3C} = {1111512D-2D77-4D28-ADB8-0CD05CC88C11}
		{613A2CFB-50D4-4C7F-BC40-5A3361BC0AF5} = {1111512D-2D77-4D28-ADB8-0CD05CC88C11}
		{A716A9A9-F395-48F0-A9C6-5FF18725958C} = {1111512D-2D77-4D28-ADB8-0CD05CC88C11}
		{478D6145-DB1E-471F-BEDD-236C9DCC2C4D} = {ADD4CED1-6415-4783-A495-DB3C6F5364DF}
		{FCC09C78-7F60-4732-A1CA-DA5B0B9522BC} = {ADD4CED1-6415-4783-A495-DB3C6F5364DF}
		{A791A73F-B9F7-4E0D-BC90-0BEAEADEBDA3} = {ADD4CED1-6415-4783-A495-DB3C6F5364DF}
	EndGlobalSection
	GlobalSection(ExtensibilityGlobals) = postSolution
		SolutionGuid = {8CA23196-DA64-4F18-A702-FCF0203ABA2C}
	EndGlobalSection
EndGlobal
